// !$*UTF8*$!
{
	archiveVersion = 1;
	classes = {
	};
	objectVersion = 46;
	objects = {

/* Begin PBXBuildFile section */
		015D73C31C6079B6001F0117 /* Board.swift in Sources */ = {isa = PBXBuildFile; fileRef = 015D73C21C6079B6001F0117 /* Board.swift */; };
		015D73C51C607C67001F0117 /* Globals Enums and Structs.swift in Sources */ = {isa = PBXBuildFile; fileRef = 015D73C41C607C67001F0117 /* Globals Enums and Structs.swift */; };
		0163235F1C6159F9002E3EB5 /* SettingsVC.swift in Sources */ = {isa = PBXBuildFile; fileRef = 0163235E1C6159F8002E3EB5 /* SettingsVC.swift */; };
		016672751C511E760099BA10 /* Sounds.swift in Sources */ = {isa = PBXBuildFile; fileRef = 016672741C511E760099BA10 /* Sounds.swift */; };
		016936131C4EDF9E003858AC /* AppDelegate.swift in Sources */ = {isa = PBXBuildFile; fileRef = 016936121C4EDF9E003858AC /* AppDelegate.swift */; };
		016936151C4EDF9E003858AC /* MainVC.swift in Sources */ = {isa = PBXBuildFile; fileRef = 016936141C4EDF9E003858AC /* MainVC.swift */; };
		016936181C4EDF9E003858AC /* Main.storyboard in Resources */ = {isa = PBXBuildFile; fileRef = 016936161C4EDF9E003858AC /* Main.storyboard */; };
		016936201C4EDF9E003858AC /* LaunchScreen.storyboard in Resources */ = {isa = PBXBuildFile; fileRef = 0169361E1C4EDF9E003858AC /* LaunchScreen.storyboard */; };
		0169362B1C4EDF9E003858AC /* TicTacToeTests.swift in Sources */ = {isa = PBXBuildFile; fileRef = 0169362A1C4EDF9E003858AC /* TicTacToeTests.swift */; };
		016936361C4EDF9E003858AC /* TicTacToeUITests.swift in Sources */ = {isa = PBXBuildFile; fileRef = 016936351C4EDF9E003858AC /* TicTacToeUITests.swift */; };
		016936461C4EE4BA003858AC /* SelectionCell.swift in Sources */ = {isa = PBXBuildFile; fileRef = 016936451C4EE4BA003858AC /* SelectionCell.swift */; };
		016936481C4EEB9D003858AC /* Boo.mp3 in Resources */ = {isa = PBXBuildFile; fileRef = 016936471C4EEB9D003858AC /* Boo.mp3 */; };
		0169364A1C4EEBAC003858AC /* Cheers.wav in Resources */ = {isa = PBXBuildFile; fileRef = 016936491C4EEBAC003858AC /* Cheers.wav */; };
		017672C91C626CF800BEE8E7 /* BoardController.swift in Sources */ = {isa = PBXBuildFile; fileRef = 017672C81C626CF800BEE8E7 /* BoardController.swift */; };
		01AE5F261C6404BA00D77716 /* Block Cartoon.ttf in Resources */ = {isa = PBXBuildFile; fileRef = 01AE5F251C6403A200D77716 /* Block Cartoon.ttf */; };
		01AE5F281C640A9100D77716 /* Robot.wav in Resources */ = {isa = PBXBuildFile; fileRef = 01AE5F271C640A9100D77716 /* Robot.wav */; };
		01AE5F2C1C64137C00D77716 /* Assets.xcassets in Resources */ = {isa = PBXBuildFile; fileRef = 01AE5F2B1C64137C00D77716 /* Assets.xcassets */; };
		01AE5F2E1C641E2300D77716 /* ArtificialIntelligence.swift in Sources */ = {isa = PBXBuildFile; fileRef = 01AE5F2D1C641E2300D77716 /* ArtificialIntelligence.swift */; };
/* End PBXBuildFile section */

/* Begin PBXContainerItemProxy section */
		016936271C4EDF9E003858AC /* PBXContainerItemProxy */ = {
			isa = PBXContainerItemProxy;
			containerPortal = 016936071C4EDF9E003858AC /* Project object */;
			proxyType = 1;
			remoteGlobalIDString = 0169360E1C4EDF9E003858AC;
			remoteInfo = TicTacToe;
		};
		016936321C4EDF9E003858AC /* PBXContainerItemProxy */ = {
			isa = PBXContainerItemProxy;
			containerPortal = 016936071C4EDF9E003858AC /* Project object */;
			proxyType = 1;
			remoteGlobalIDString = 0169360E1C4EDF9E003858AC;
			remoteInfo = TicTacToe;
		};
/* End PBXContainerItemProxy section */

/* Begin PBXFileReference section */
		015D73C21C6079B6001F0117 /* Board.swift */ = {isa = PBXFileReference; fileEncoding = 4; lastKnownFileType = sourcecode.swift; path = Board.swift; sourceTree = "<group>"; };
		015D73C41C607C67001F0117 /* Globals Enums and Structs.swift */ = {isa = PBXFileReference; fileEncoding = 4; lastKnownFileType = sourcecode.swift; path = "Globals Enums and Structs.swift"; sourceTree = "<group>"; };
		0163235E1C6159F8002E3EB5 /* SettingsVC.swift */ = {isa = PBXFileReference; fileEncoding = 4; lastKnownFileType = sourcecode.swift; path = SettingsVC.swift; sourceTree = "<group>"; };
		016672741C511E760099BA10 /* Sounds.swift */ = {isa = PBXFileReference; fileEncoding = 4; lastKnownFileType = sourcecode.swift; path = Sounds.swift; sourceTree = "<group>"; };
		0169360F1C4EDF9E003858AC /* TicTacToe.app */ = {isa = PBXFileReference; explicitFileType = wrapper.application; includeInIndex = 0; path = TicTacToe.app; sourceTree = BUILT_PRODUCTS_DIR; };
		016936121C4EDF9E003858AC /* AppDelegate.swift */ = {isa = PBXFileReference; lastKnownFileType = sourcecode.swift; path = AppDelegate.swift; sourceTree = "<group>"; };
		016936141C4EDF9E003858AC /* MainVC.swift */ = {isa = PBXFileReference; lastKnownFileType = sourcecode.swift; path = MainVC.swift; sourceTree = "<group>"; };
		016936171C4EDF9E003858AC /* Base */ = {isa = PBXFileReference; lastKnownFileType = file.storyboard; name = Base; path = Base.lproj/Main.storyboard; sourceTree = "<group>"; };
		0169361F1C4EDF9E003858AC /* Base */ = {isa = PBXFileReference; lastKnownFileType = file.storyboard; name = Base; path = Base.lproj/LaunchScreen.storyboard; sourceTree = "<group>"; };
		016936211C4EDF9E003858AC /* Info.plist */ = {isa = PBXFileReference; lastKnownFileType = text.plist.xml; path = Info.plist; sourceTree = "<group>"; };
		016936261C4EDF9E003858AC /* TicTacToeTests.xctest */ = {isa = PBXFileReference; explicitFileType = wrapper.cfbundle; includeInIndex = 0; path = TicTacToeTests.xctest; sourceTree = BUILT_PRODUCTS_DIR; };
		0169362A1C4EDF9E003858AC /* TicTacToeTests.swift */ = {isa = PBXFileReference; lastKnownFileType = sourcecode.swift; path = TicTacToeTests.swift; sourceTree = "<group>"; };
		0169362C1C4EDF9E003858AC /* Info.plist */ = {isa = PBXFileReference; lastKnownFileType = text.plist.xml; path = Info.plist; sourceTree = "<group>"; };
		016936311C4EDF9E003858AC /* TicTacToeUITests.xctest */ = {isa = PBXFileReference; explicitFileType = wrapper.cfbundle; includeInIndex = 0; path = TicTacToeUITests.xctest; sourceTree = BUILT_PRODUCTS_DIR; };
		016936351C4EDF9E003858AC /* TicTacToeUITests.swift */ = {isa = PBXFileReference; lastKnownFileType = sourcecode.swift; path = TicTacToeUITests.swift; sourceTree = "<group>"; };
		016936371C4EDF9E003858AC /* Info.plist */ = {isa = PBXFileReference; lastKnownFileType = text.plist.xml; path = Info.plist; sourceTree = "<group>"; };
		016936451C4EE4BA003858AC /* SelectionCell.swift */ = {isa = PBXFileReference; fileEncoding = 4; lastKnownFileType = sourcecode.swift; path = SelectionCell.swift; sourceTree = "<group>"; };
		016936471C4EEB9D003858AC /* Boo.mp3 */ = {isa = PBXFileReference; lastKnownFileType = audio.mp3; path = Boo.mp3; sourceTree = "<group>"; };
		016936491C4EEBAC003858AC /* Cheers.wav */ = {isa = PBXFileReference; lastKnownFileType = audio.wav; path = Cheers.wav; sourceTree = "<group>"; };
		017672C81C626CF800BEE8E7 /* BoardController.swift */ = {isa = PBXFileReference; fileEncoding = 4; lastKnownFileType = sourcecode.swift; path = BoardController.swift; sourceTree = "<group>"; };
		01AE5F251C6403A200D77716 /* Block Cartoon.ttf */ = {isa = PBXFileReference; lastKnownFileType = file; path = "Block Cartoon.ttf"; sourceTree = "<group>"; };
		01AE5F271C640A9100D77716 /* Robot.wav */ = {isa = PBXFileReference; lastKnownFileType = audio.wav; path = Robot.wav; sourceTree = "<group>"; };
		01AE5F2B1C64137C00D77716 /* Assets.xcassets */ = {isa = PBXFileReference; lastKnownFileType = folder.assetcatalog; path = Assets.xcassets; sourceTree = "<group>"; };
		01AE5F2D1C641E2300D77716 /* ArtificialIntelligence.swift */ = {isa = PBXFileReference; fileEncoding = 4; lastKnownFileType = sourcecode.swift; path = ArtificialIntelligence.swift; sourceTree = "<group>"; };
/* End PBXFileReference section */

/* Begin PBXFrameworksBuildPhase section */
		0169360C1C4EDF9E003858AC /* Frameworks */ = {
			isa = PBXFrameworksBuildPhase;
			buildActionMask = 2147483647;
			files = (
			);
			runOnlyForDeploymentPostprocessing = 0;
		};
		016936231C4EDF9E003858AC /* Frameworks */ = {
			isa = PBXFrameworksBuildPhase;
			buildActionMask = 2147483647;
			files = (
			);
			runOnlyForDeploymentPostprocessing = 0;
		};
		0169362E1C4EDF9E003858AC /* Frameworks */ = {
			isa = PBXFrameworksBuildPhase;
			buildActionMask = 2147483647;
			files = (
			);
			runOnlyForDeploymentPostprocessing = 0;
		};
/* End PBXFrameworksBuildPhase section */

/* Begin PBXGroup section */
		016936061C4EDF9E003858AC = {
			isa = PBXGroup;
			children = (
				016936111C4EDF9E003858AC /* TicTacToe */,
				016936291C4EDF9E003858AC /* TicTacToeTests */,
				016936341C4EDF9E003858AC /* TicTacToeUITests */,
				016936101C4EDF9E003858AC /* Products */,
			);
			sourceTree = "<group>";
		};
		016936101C4EDF9E003858AC /* Products */ = {
			isa = PBXGroup;
			children = (
				0169360F1C4EDF9E003858AC /* TicTacToe.app */,
				016936261C4EDF9E003858AC /* TicTacToeTests.xctest */,
				016936311C4EDF9E003858AC /* TicTacToeUITests.xctest */,
			);
			name = Products;
			sourceTree = "<group>";
		};
		016936111C4EDF9E003858AC /* TicTacToe */ = {
			isa = PBXGroup;
			children = (
				016936501C4EF158003858AC /* Models */,
				0169364F1C4EF13C003858AC /* Views */,
				0169364E1C4EF12D003858AC /* Controllers */,
				0169364D1C4EF111003858AC /* resources */,
			);
			path = TicTacToe;
			sourceTree = "<group>";
		};
		016936291C4EDF9E003858AC /* TicTacToeTests */ = {
			isa = PBXGroup;
			children = (
				0169362A1C4EDF9E003858AC /* TicTacToeTests.swift */,
				0169362C1C4EDF9E003858AC /* Info.plist */,
			);
			path = TicTacToeTests;
			sourceTree = "<group>";
		};
		016936341C4EDF9E003858AC /* TicTacToeUITests */ = {
			isa = PBXGroup;
			children = (
				016936351C4EDF9E003858AC /* TicTacToeUITests.swift */,
				016936371C4EDF9E003858AC /* Info.plist */,
			);
			path = TicTacToeUITests;
			sourceTree = "<group>";
		};
		0169364D1C4EF111003858AC /* resources */ = {
			isa = PBXGroup;
			children = (
				01AE5F2B1C64137C00D77716 /* Assets.xcassets */,
				015D73C41C607C67001F0117 /* Globals Enums and Structs.swift */,
				01AE5F251C6403A200D77716 /* Block Cartoon.ttf */,
				01AE5F271C640A9100D77716 /* Robot.wav */,
				016936491C4EEBAC003858AC /* Cheers.wav */,
				016936471C4EEB9D003858AC /* Boo.mp3 */,
			);
			name = resources;
			sourceTree = "<group>";
		};
		0169364E1C4EF12D003858AC /* Controllers */ = {
			isa = PBXGroup;
			children = (
				016936121C4EDF9E003858AC /* AppDelegate.swift */,
				016936141C4EDF9E003858AC /* MainVC.swift */,
				0163235E1C6159F8002E3EB5 /* SettingsVC.swift */,
				016936451C4EE4BA003858AC /* SelectionCell.swift */,
				017672C81C626CF800BEE8E7 /* BoardController.swift */,
				01AE5F2D1C641E2300D77716 /* ArtificialIntelligence.swift */,
			);
			name = Controllers;
			sourceTree = "<group>";
		};
		0169364F1C4EF13C003858AC /* Views */ = {
			isa = PBXGroup;
			children = (
				0169361E1C4EDF9E003858AC /* LaunchScreen.storyboard */,
				016936161C4EDF9E003858AC /* Main.storyboard */,
			);
			name = Views;
			sourceTree = "<group>";
		};
		016936501C4EF158003858AC /* Models */ = {
			isa = PBXGroup;
			children = (
				016936211C4EDF9E003858AC /* Info.plist */,
				016672741C511E760099BA10 /* Sounds.swift */,
				015D73C21C6079B6001F0117 /* Board.swift */,
			);
			name = Models;
			sourceTree = "<group>";
		};
/* End PBXGroup section */

/* Begin PBXNativeTarget section */
		0169360E1C4EDF9E003858AC /* TicTacToe */ = {
			isa = PBXNativeTarget;
			buildConfigurationList = 0169363A1C4EDF9E003858AC /* Build configuration list for PBXNativeTarget "TicTacToe" */;
			buildPhases = (
				0169360B1C4EDF9E003858AC /* Sources */,
				0169360C1C4EDF9E003858AC /* Frameworks */,
				0169360D1C4EDF9E003858AC /* Resources */,
			);
			buildRules = (
			);
			dependencies = (
			);
			name = TicTacToe;
			productName = TicTacToe;
			productReference = 0169360F1C4EDF9E003858AC /* TicTacToe.app */;
			productType = "com.apple.product-type.application";
		};
		016936251C4EDF9E003858AC /* TicTacToeTests */ = {
			isa = PBXNativeTarget;
			buildConfigurationList = 0169363D1C4EDF9E003858AC /* Build configuration list for PBXNativeTarget "TicTacToeTests" */;
			buildPhases = (
				016936221C4EDF9E003858AC /* Sources */,
				016936231C4EDF9E003858AC /* Frameworks */,
				016936241C4EDF9E003858AC /* Resources */,
			);
			buildRules = (
			);
			dependencies = (
				016936281C4EDF9E003858AC /* PBXTargetDependency */,
			);
			name = TicTacToeTests;
			productName = TicTacToeTests;
			productReference = 016936261C4EDF9E003858AC /* TicTacToeTests.xctest */;
			productType = "com.apple.product-type.bundle.unit-test";
		};
		016936301C4EDF9E003858AC /* TicTacToeUITests */ = {
			isa = PBXNativeTarget;
			buildConfigurationList = 016936401C4EDF9E003858AC /* Build configuration list for PBXNativeTarget "TicTacToeUITests" */;
			buildPhases = (
				0169362D1C4EDF9E003858AC /* Sources */,
				0169362E1C4EDF9E003858AC /* Frameworks */,
				0169362F1C4EDF9E003858AC /* Resources */,
			);
			buildRules = (
			);
			dependencies = (
				016936331C4EDF9E003858AC /* PBXTargetDependency */,
			);
			name = TicTacToeUITests;
			productName = TicTacToeUITests;
			productReference = 016936311C4EDF9E003858AC /* TicTacToeUITests.xctest */;
			productType = "com.apple.product-type.bundle.ui-testing";
		};
/* End PBXNativeTarget section */

/* Begin PBXProject section */
		016936071C4EDF9E003858AC /* Project object */ = {
			isa = PBXProject;
			attributes = {
				LastSwiftUpdateCheck = 0720;
				LastUpgradeCheck = 0720;
				ORGANIZATIONNAME = FareedQ;
				TargetAttributes = {
					0169360E1C4EDF9E003858AC = {
						CreatedOnToolsVersion = 7.2;
					};
					016936251C4EDF9E003858AC = {
						CreatedOnToolsVersion = 7.2;
						TestTargetID = 0169360E1C4EDF9E003858AC;
					};
					016936301C4EDF9E003858AC = {
						CreatedOnToolsVersion = 7.2;
						TestTargetID = 0169360E1C4EDF9E003858AC;
					};
				};
			};
			buildConfigurationList = 0169360A1C4EDF9E003858AC /* Build configuration list for PBXProject "TicTacToe" */;
			compatibilityVersion = "Xcode 3.2";
			developmentRegion = English;
			hasScannedForEncodings = 0;
			knownRegions = (
				en,
				Base,
			);
			mainGroup = 016936061C4EDF9E003858AC;
			productRefGroup = 016936101C4EDF9E003858AC /* Products */;
			projectDirPath = "";
			projectRoot = "";
			targets = (
				0169360E1C4EDF9E003858AC /* TicTacToe */,
				016936251C4EDF9E003858AC /* TicTacToeTests */,
				016936301C4EDF9E003858AC /* TicTacToeUITests */,
			);
		};
/* End PBXProject section */

/* Begin PBXResourcesBuildPhase section */
		0169360D1C4EDF9E003858AC /* Resources */ = {
			isa = PBXResourcesBuildPhase;
			buildActionMask = 2147483647;
			files = (
				01AE5F261C6404BA00D77716 /* Block Cartoon.ttf in Resources */,
				01AE5F281C640A9100D77716 /* Robot.wav in Resources */,
				016936201C4EDF9E003858AC /* LaunchScreen.storyboard in Resources */,
				016936481C4EEB9D003858AC /* Boo.mp3 in Resources */,
				01AE5F2C1C64137C00D77716 /* Assets.xcassets in Resources */,
				0169364A1C4EEBAC003858AC /* Cheers.wav in Resources */,
				016936181C4EDF9E003858AC /* Main.storyboard in Resources */,
			);
			runOnlyForDeploymentPostprocessing = 0;
		};
		016936241C4EDF9E003858AC /* Resources */ = {
			isa = PBXResourcesBuildPhase;
			buildActionMask = 2147483647;
			files = (
			);
			runOnlyForDeploymentPostprocessing = 0;
		};
		0169362F1C4EDF9E003858AC /* Resources */ = {
			isa = PBXResourcesBuildPhase;
			buildActionMask = 2147483647;
			files = (
			);
			runOnlyForDeploymentPostprocessing = 0;
		};
/* End PBXResourcesBuildPhase section */

/* Begin PBXSourcesBuildPhase section */
		0169360B1C4EDF9E003858AC /* Sources */ = {
			isa = PBXSourcesBuildPhase;
			buildActionMask = 2147483647;
			files = (
				016936461C4EE4BA003858AC /* SelectionCell.swift in Sources */,
				016672751C511E760099BA10 /* Sounds.swift in Sources */,
				016936151C4EDF9E003858AC /* MainVC.swift in Sources */,
				015D73C51C607C67001F0117 /* Globals Enums and Structs.swift in Sources */,
				015D73C31C6079B6001F0117 /* Board.swift in Sources */,
				01AE5F2E1C641E2300D77716 /* ArtificialIntelligence.swift in Sources */,
				017672C91C626CF800BEE8E7 /* BoardController.swift in Sources */,
				016936131C4EDF9E003858AC /* AppDelegate.swift in Sources */,
				0163235F1C6159F9002E3EB5 /* SettingsVC.swift in Sources */,
			);
			runOnlyForDeploymentPostprocessing = 0;
		};
		016936221C4EDF9E003858AC /* Sources */ = {
			isa = PBXSourcesBuildPhase;
			buildActionMask = 2147483647;
			files = (
				0169362B1C4EDF9E003858AC /* TicTacToeTests.swift in Sources */,
			);
			runOnlyForDeploymentPostprocessing = 0;
		};
		0169362D1C4EDF9E003858AC /* Sources */ = {
			isa = PBXSourcesBuildPhase;
			buildActionMask = 2147483647;
			files = (
				016936361C4EDF9E003858AC /* TicTacToeUITests.swift in Sources */,
			);
			runOnlyForDeploymentPostprocessing = 0;
		};
/* End PBXSourcesBuildPhase section */

/* Begin PBXTargetDependency section */
		016936281C4EDF9E003858AC /* PBXTargetDependency */ = {
			isa = PBXTargetDependency;
			target = 0169360E1C4EDF9E003858AC /* TicTacToe */;
			targetProxy = 016936271C4EDF9E003858AC /* PBXContainerItemProxy */;
		};
		016936331C4EDF9E003858AC /* PBXTargetDependency */ = {
			isa = PBXTargetDependency;
			target = 0169360E1C4EDF9E003858AC /* TicTacToe */;
			targetProxy = 016936321C4EDF9E003858AC /* PBXContainerItemProxy */;
		};
/* End PBXTargetDependency section */

/* Begin PBXVariantGroup section */
		016936161C4EDF9E003858AC /* Main.storyboard */ = {
			isa = PBXVariantGroup;
			children = (
				016936171C4EDF9E003858AC /* Base */,
			);
			name = Main.storyboard;
			sourceTree = "<group>";
		};
		0169361E1C4EDF9E003858AC /* LaunchScreen.storyboard */ = {
			isa = PBXVariantGroup;
			children = (
				0169361F1C4EDF9E003858AC /* Base */,
			);
			name = LaunchScreen.storyboard;
			sourceTree = "<group>";
		};
/* End PBXVariantGroup section */

/* Begin XCBuildConfiguration section */
		016936381C4EDF9E003858AC /* Debug */ = {
			isa = XCBuildConfiguration;
			buildSettings = {
				ALWAYS_SEARCH_USER_PATHS = NO;
				CLANG_CXX_LANGUAGE_STANDARD = "gnu++0x";
				CLANG_CXX_LIBRARY = "libc++";
				CLANG_ENABLE_MODULES = YES;
				CLANG_ENABLE_OBJC_ARC = YES;
				CLANG_WARN_BOOL_CONVERSION = YES;
				CLANG_WARN_CONSTANT_CONVERSION = YES;
				CLANG_WARN_DIRECT_OBJC_ISA_USAGE = YES_ERROR;
				CLANG_WARN_EMPTY_BODY = YES;
				CLANG_WARN_ENUM_CONVERSION = YES;
				CLANG_WARN_INT_CONVERSION = YES;
				CLANG_WARN_OBJC_ROOT_CLASS = YES_ERROR;
				CLANG_WARN_UNREACHABLE_CODE = YES;
				CLANG_WARN__DUPLICATE_METHOD_MATCH = YES;
				"CODE_SIGN_IDENTITY[sdk=iphoneos*]" = "iPhone Developer";
				COPY_PHASE_STRIP = NO;
				DEBUG_INFORMATION_FORMAT = dwarf;
				ENABLE_STRICT_OBJC_MSGSEND = YES;
				ENABLE_TESTABILITY = YES;
				GCC_C_LANGUAGE_STANDARD = gnu99;
				GCC_DYNAMIC_NO_PIC = NO;
				GCC_NO_COMMON_BLOCKS = YES;
				GCC_OPTIMIZATION_LEVEL = 0;
				GCC_PREPROCESSOR_DEFINITIONS = (
					"DEBUG=1",
					"$(inherited)",
				);
				GCC_WARN_64_TO_32_BIT_CONVERSION = YES;
				GCC_WARN_ABOUT_RETURN_TYPE = YES_ERROR;
				GCC_WARN_UNDECLARED_SELECTOR = YES;
				GCC_WARN_UNINITIALIZED_AUTOS = YES_AGGRESSIVE;
				GCC_WARN_UNUSED_FUNCTION = YES;
				GCC_WARN_UNUSED_VARIABLE = YES;
				IPHONEOS_DEPLOYMENT_TARGET = 9.2;
				MTL_ENABLE_DEBUG_INFO = YES;
				ONLY_ACTIVE_ARCH = YES;
				SDKROOT = iphoneos;
				SWIFT_OPTIMIZATION_LEVEL = "-Onone";
			};
			name = Debug;
		};
		016936391C4EDF9E003858AC /* Release */ = {
			isa = XCBuildConfiguration;
			buildSettings = {
				ALWAYS_SEARCH_USER_PATHS = NO;
				CLANG_CXX_LANGUAGE_STANDARD = "gnu++0x";
				CLANG_CXX_LIBRARY = "libc++";
				CLANG_ENABLE_MODULES = YES;
				CLANG_ENABLE_OBJC_ARC = YES;
				CLANG_WARN_BOOL_CONVERSION = YES;
				CLANG_WARN_CONSTANT_CONVERSION = YES;
				CLANG_WARN_DIRECT_OBJC_ISA_USAGE = YES_ERROR;
				CLANG_WARN_EMPTY_BODY = YES;
				CLANG_WARN_ENUM_CONVERSION = YES;
				CLANG_WARN_INT_CONVERSION = YES;
				CLANG_WARN_OBJC_ROOT_CLASS = YES_ERROR;
				CLANG_WARN_UNREACHABLE_CODE = YES;
				CLANG_WARN__DUPLICATE_METHOD_MATCH = YES;
				"CODE_SIGN_IDENTITY[sdk=iphoneos*]" = "iPhone Developer";
				COPY_PHASE_STRIP = NO;
				DEBUG_INFORMATION_FORMAT = "dwarf-with-dsym";
				ENABLE_NS_ASSERTIONS = NO;
				ENABLE_STRICT_OBJC_MSGSEND = YES;
				GCC_C_LANGUAGE_STANDARD = gnu99;
				GCC_NO_COMMON_BLOCKS = YES;
				GCC_WARN_64_TO_32_BIT_CONVERSION = YES;
				GCC_WARN_ABOUT_RETURN_TYPE = YES_ERROR;
				GCC_WARN_UNDECLARED_SELECTOR = YES;
				GCC_WARN_UNINITIALIZED_AUTOS = YES_AGGRESSIVE;
				GCC_WARN_UNUSED_FUNCTION = YES;
				GCC_WARN_UNUSED_VARIABLE = YES;
				IPHONEOS_DEPLOYMENT_TARGET = 9.2;
				MTL_ENABLE_DEBUG_INFO = NO;
				SDKROOT = iphoneos;
				VALIDATE_PRODUCT = YES;
			};
			name = Release;
		};
		0169363B1C4EDF9E003858AC /* Debug */ = {
			isa = XCBuildConfiguration;
			buildSettings = {
				ASSETCATALOG_COMPILER_APPICON_NAME = AppIcon;
				INFOPLIST_FILE = TicTacToe/Info.plist;
				LD_RUNPATH_SEARCH_PATHS = "$(inherited) @executable_path/Frameworks";
				PRODUCT_BUNDLE_IDENTIFIER = FareedQ.TicTacToe;
				PRODUCT_NAME = "$(TARGET_NAME)";
			};
			name = Debug;
		};
		0169363C1C4EDF9E003858AC /* Release */ = {
			isa = XCBuildConfiguration;
			buildSettings = {
				ASSETCATALOG_COMPILER_APPICON_NAME = AppIcon;
				INFOPLIST_FILE = TicTacToe/Info.plist;
				LD_RUNPATH_SEARCH_PATHS = "$(inherited) @executable_path/Frameworks";
				PRODUCT_BUNDLE_IDENTIFIER = FareedQ.TicTacToe;
				PRODUCT_NAME = "$(TARGET_NAME)";
			};
			name = Release;
		};
		0169363E1C4EDF9E003858AC /* Debug */ = {
			isa = XCBuildConfiguration;
			buildSettings = {
				BUNDLE_LOADER = "$(TEST_HOST)";
				INFOPLIST_FILE = TicTacToeTests/Info.plist;
				LD_RUNPATH_SEARCH_PATHS = "$(inherited) @executable_path/Frameworks @loader_path/Frameworks";
				PRODUCT_BUNDLE_IDENTIFIER = FareedQ.TicTacToeTests;
				PRODUCT_NAME = "$(TARGET_NAME)";
				TEST_HOST = "$(BUILT_PRODUCTS_DIR)/TicTacToe.app/TicTacToe";
			};
			name = Debug;
		};
		0169363F1C4EDF9E003858AC /* Release */ = {
			isa = XCBuildConfiguration;
			buildSettings = {
				BUNDLE_LOADER = "$(TEST_HOST)";
				INFOPLIST_FILE = TicTacToeTests/Info.plist;
				LD_RUNPATH_SEARCH_PATHS = "$(inherited) @executable_path/Frameworks @loader_path/Frameworks";
				PRODUCT_BUNDLE_IDENTIFIER = FareedQ.TicTacToeTests;
				PRODUCT_NAME = "$(TARGET_NAME)";
				TEST_HOST = "$(BUILT_PRODUCTS_DIR)/TicTacToe.app/TicTacToe";
			};
			name = Release;
		};
		016936411C4EDF9E003858AC /* Debug */ = {
			isa = XCBuildConfiguration;
			buildSettings = {
				INFOPLIST_FILE = TicTacToeUITests/Info.plist;
				LD_RUNPATH_SEARCH_PATHS = "$(inherited) @executable_path/Frameworks @loader_path/Frameworks";
				PRODUCT_BUNDLE_IDENTIFIER = FareedQ.TicTacToeUITests;
				PRODUCT_NAME = "$(TARGET_NAME)";
				TEST_TARGET_NAME = TicTacToe;
				USES_XCTRUNNER = YES;
			};
			name = Debug;
		};
		016936421C4EDF9E003858AC /* Release */ = {
			isa = XCBuildConfiguration;
			buildSettings = {
				INFOPLIST_FILE = TicTacToeUITests/Info.plist;
				LD_RUNPATH_SEARCH_PATHS = "$(inherited) @executable_path/Frameworks @loader_path/Frameworks";
				PRODUCT_BUNDLE_IDENTIFIER = FareedQ.TicTacToeUITests;
				PRODUCT_NAME = "$(TARGET_NAME)";
				TEST_TARGET_NAME = TicTacToe;
				USES_XCTRUNNER = YES;
			};
			name = Release;
		};
/* End XCBuildConfiguration section */

/* Begin XCConfigurationList section */
		0169360A1C4EDF9E003858AC /* Build configuration list for PBXProject "TicTacToe" */ = {
			isa = XCConfigurationList;
			buildConfigurations = (
				016936381C4EDF9E003858AC /* Debug */,
				016936391C4EDF9E003858AC /* Release */,
			);
			defaultConfigurationIsVisible = 0;
			defaultConfigurationName = Release;
		};
		0169363A1C4EDF9E003858AC /* Build configuration list for PBXNativeTarget "TicTacToe" */ = {
			isa = XCConfigurationList;
			buildConfigurations = (
				0169363B1C4EDF9E003858AC /* Debug */,
				0169363C1C4EDF9E003858AC /* Release */,
			);
			defaultConfigurationIsVisible = 0;
			defaultConfigurationName = Release;
		};
		0169363D1C4EDF9E003858AC /* Build configuration list for PBXNativeTarget "TicTacToeTests" */ = {
			isa = XCConfigurationList;
			buildConfigurations = (
				0169363E1C4EDF9E003858AC /* Debug */,
				0169363F1C4EDF9E003858AC /* Release */,
			);
			defaultConfigurationIsVisible = 0;
			defaultConfigurationName = Release;
		};
		016936401C4EDF9E003858AC /* Build configuration list for PBXNativeTarget "TicTacToeUITests" */ = {
			isa = XCConfigurationList;
			buildConfigurations = (
				016936411C4EDF9E003858AC /* Debug */,
				016936421C4EDF9E003858AC /* Release */,
			);
			defaultConfigurationIsVisible = 0;
			defaultConfigurationName = Release;
		};
/* End XCConfigurationList section */
	};
	rootObject = 016936071C4EDF9E003858AC /* Project object */;
}
